{
  "name": "editor",
  "lockfileVersion": 3,
  "requires": true,
  "packages": {
    "": {
      "dependencies": {
        "glidejs": "^2.1.0"
      }
    },
    "node_modules/glidejs": {
      "version": "2.1.0",
      "resolved": "https://registry.npmjs.org/glidejs/-/glidejs-2.1.0.tgz",
      "integrity": "sha512-DWm2h7rv1BruHcDY/icf8re2mG6CCwiFzWbK5OweLz7OD6ljVEJ0O9dmxvvLxQei/apzbyhWCwyhL5itqrZkgQ==",
      "dependencies": {
        "jquery": "2.2.*"
      }
    },
    "node_modules/jquery": {
      "version": "2.2.4",
      "resolved": "https://registry.npmjs.org/jquery/-/jquery-2.2.4.tgz",
      "integrity": "sha512-lBHj60ezci2u1v2FqnZIraShGgEXq35qCzMv4lITyHGppTnA13rwR0MgwyNJh9TnDs3aXUvd1xjAotfraMHX/Q=="
    }
  }
}
